
Microsoft Visual Studio Solution File, Format Version 12.00
# Visual Studio Version 17
VisualStudioVersion = 17.7.34018.315
MinimumVisualStudioVersion = 10.0.40219.1
Project("{9A19103F-16F7-4668-BE54-9A1E7A4F7556}") = "WinDateFrom", "WinDateFrom\WinDateFrom.csproj", "{FD2EDA76-4D9D-43AA-A303-3C76254477D5}"
EndProject
Project("{9A19103F-16F7-4668-BE54-9A1E7A4F7556}") = "WinDateFrom.Android", "WinDateFrom.Android\WinDateFrom.Android.csproj", "{4DFE7767-FE52-4E33-8393-22ECD2A54C68}"
EndProject
Project("{9A19103F-16F7-4668-BE54-9A1E7A4F7556}") = "WinDateFrom.Desktop", "WinDateFrom.Desktop\WinDateFrom.Desktop.csproj", "{39760E67-8A15-4EF5-9189-691F22A4DD2B}"
EndProject
Global
	GlobalSection(SolutionConfigurationPlatforms) = preSolution
		Debug|Any CPU = Debug|Any CPU
		Release|Any CPU = Release|Any CPU
	EndGlobalSection
	GlobalSection(ProjectConfigurationPlatforms) = postSolution
		{FD2EDA76-4D9D-43AA-A303-3C76254477D5}.Debug|Any CPU.ActiveCfg = Debug|Any CPU
		{FD2EDA76-4D9D-43AA-A303-3C76254477D5}.Debug|Any CPU.Build.0 = Debug|Any CPU
		{FD2EDA76-4D9D-43AA-A303-3C76254477D5}.Release|Any CPU.ActiveCfg = Release|Any CPU
		{FD2EDA76-4D9D-43AA-A303-3C76254477D5}.Release|Any CPU.Build.0 = Release|Any CPU
		{4DFE7767-FE52-4E33-8393-22ECD2A54C68}.Debug|Any CPU.ActiveCfg = Debug|Any CPU
		{4DFE7767-FE52-4E33-8393-22ECD2A54C68}.Debug|Any CPU.Build.0 = Debug|Any CPU
		{4DFE7767-FE52-4E33-8393-22ECD2A54C68}.Debug|Any CPU.Deploy.0 = Debug|Any CPU
		{4DFE7767-FE52-4E33-8393-22ECD2A54C68}.Release|Any CPU.ActiveCfg = Release|Any CPU
		{4DFE7767-FE52-4E33-8393-22ECD2A54C68}.Release|Any CPU.Build.0 = Release|Any CPU
		{4DFE7767-FE52-4E33-8393-22ECD2A54C68}.Release|Any CPU.Deploy.0 = Release|Any CPU
		{39760E67-8A15-4EF5-9189-691F22A4DD2B}.Debug|Any CPU.ActiveCfg = Debug|Any CPU
		{39760E67-8A15-4EF5-9189-691F22A4DD2B}.Debug|Any CPU.Build.0 = Debug|Any CPU
		{39760E67-8A15-4EF5-9189-691F22A4DD2B}.Release|Any CPU.ActiveCfg = Release|Any CPU
		{39760E67-8A15-4EF5-9189-691F22A4DD2B}.Release|Any CPU.Build.0 = Release|Any CPU
	EndGlobalSection
	GlobalSection(SolutionProperties) = preSolution
		HideSolutionNode = FALSE
	EndGlobalSection
	GlobalSection(ExtensibilityGlobals) = postSolution
		SolutionGuid = {84A4289B-9174-4B6F-83E4-6123E8B526DC}
	EndGlobalSection
EndGlobal
